
Microsoft Visual Studio Solution File, Format Version 12.00
# Visual Studio 15
VisualStudioVersion = 15.0.27703.1
MinimumVisualStudioVersion = 10.0.40219.1
Project("{FAE04EC0-301F-11D3-BF4B-00C04F79EFBC}") = "VidIndexerDemos", "VidIndexerDemos\VidIndexerDemos.csproj", "{EB7BEF11-6BE8-471A-BE4C-F00FAE6B7C7D}"
EndProject
Global
	GlobalSection(SolutionConfigurationPlatforms) = preSolution
		Debug|Any CPU = Debug|Any CPU
		Release|Any CPU = Release|Any CPU
	EndGlobalSection
	GlobalSection(ProjectConfigurationPlatforms) = postSolution
		{EB7BEF11-6BE8-471A-BE4C-F00FAE6B7C7D}.Debug|Any CPU.ActiveCfg = Debug|Any CPU
		{EB7BEF11-6BE8-471A-BE4C-F00FAE6B7C7D}.Debug|Any CPU.Build.0 = Debug|Any CPU
		{EB7BEF11-6BE8-471A-BE4C-F00FAE6B7C7D}.Release|Any CPU.ActiveCfg = Release|Any CPU
		{EB7BEF11-6BE8-471A-BE4C-F00FAE6B7C7D}.Release|Any CPU.Build.0 = Release|Any CPU
	EndGlobalSection
	GlobalSection(SolutionProperties) = preSolution
		HideSolutionNode = FALSE
	EndGlobalSection
	GlobalSection(ExtensibilityGlobals) = postSolution
		SolutionGuid = {E7639691-84A8-45FD-A5CF-6692866DB35E}
	EndGlobalSection
EndGlobal
